
Microsoft Visual Studio Solution File, Format Version 12.00
# Visual Studio 15
VisualStudioVersion = 15.0.28307.645
MinimumVisualStudioVersion = 10.0.40219.1
Project("{FAE04EC0-301F-11D3-BF4B-00C04F79EFBC}") = "Abc.MvcWebUI", "Abc.MvcWebUI\Abc.MvcWebUI.csproj", "{782A153C-66E2-4CB8-A83F-2226254F7428}"
EndProject
Global
	GlobalSection(SolutionConfigurationPlatforms) = preSolution
		Debug|Any CPU = Debug|Any CPU
		Release|Any CPU = Release|Any CPU
	EndGlobalSection
	GlobalSection(ProjectConfigurationPlatforms) = postSolution
		{782A153C-66E2-4CB8-A83F-2226254F7428}.Debug|Any CPU.ActiveCfg = Debug|Any CPU
		{782A153C-66E2-4CB8-A83F-2226254F7428}.Debug|Any CPU.Build.0 = Debug|Any CPU
		{782A153C-66E2-4CB8-A83F-2226254F7428}.Release|Any CPU.ActiveCfg = Release|Any CPU
		{782A153C-66E2-4CB8-A83F-2226254F7428}.Release|Any CPU.Build.0 = Release|Any CPU
	EndGlobalSection
	GlobalSection(SolutionProperties) = preSolution
		HideSolutionNode = FALSE
	EndGlobalSection
	GlobalSection(ExtensibilityGlobals) = postSolution
		SolutionGuid = {81051834-8C69-4951-8D84-85C5DD6CF464}
	EndGlobalSection
EndGlobal
